
Microsoft Visual Studio Solution File, Format Version 12.00
# Visual Studio 2013
VisualStudioVersion = 12.0.30723.0
MinimumVisualStudioVersion = 10.0.40219.1
Project("{F184B08F-C81C-45F6-A57F-5ABD9991F28F}") = "菜小二店面管理系统", "菜小二店面管理系统\菜小二店面管理系统.vbproj", "{5D5E5B3E-FD1B-41FC-82AF-94F3251D642A}"
EndProject
Global
	GlobalSection(SolutionConfigurationPlatforms) = preSolution
		Debug|Any CPU = Debug|Any CPU
		Debug|x86 = Debug|x86
		Release|Any CPU = Release|Any CPU
		Release|x86 = Release|x86
	EndGlobalSection
	GlobalSection(ProjectConfigurationPlatforms) = postSolution
		{5D5E5B3E-FD1B-41FC-82AF-94F3251D642A}.Debug|Any CPU.ActiveCfg = Debug|Any CPU
		{5D5E5B3E-FD1B-41FC-82AF-94F3251D642A}.Debug|Any CPU.Build.0 = Debug|Any CPU
		{5D5E5B3E-FD1B-41FC-82AF-94F3251D642A}.Debug|x86.ActiveCfg = Debug|x86
		{5D5E5B3E-FD1B-41FC-82AF-94F3251D642A}.Debug|x86.Build.0 = Debug|x86
		{5D5E5B3E-FD1B-41FC-82AF-94F3251D642A}.Release|Any CPU.ActiveCfg = Release|Any CPU
		{5D5E5B3E-FD1B-41FC-82AF-94F3251D642A}.Release|Any CPU.Build.0 = Release|Any CPU
		{5D5E5B3E-FD1B-41FC-82AF-94F3251D642A}.Release|x86.ActiveCfg = Release|x86
		{5D5E5B3E-FD1B-41FC-82AF-94F3251D642A}.Release|x86.Build.0 = Release|x86
	EndGlobalSection
	GlobalSection(SolutionProperties) = preSolution
		HideSolutionNode = FALSE
	EndGlobalSection
EndGlobal
